
Microsoft Visual Studio Solution File, Format Version 12.00
# Visual Studio Version 17
VisualStudioVersion = 17.3.32804.467
MinimumVisualStudioVersion = 10.0.40219.1
Project("{FAE04EC0-301F-11D3-BF4B-00C04F79EFBC}") = "CatalogoMVC", "CatalogoMVC\CatalogoMVC.csproj", "{5A6445AE-158D-403A-8C25-19F4862B00A6}"
EndProject
Global
	GlobalSection(SolutionConfigurationPlatforms) = preSolution
		Debug|Any CPU = Debug|Any CPU
		Release|Any CPU = Release|Any CPU
	EndGlobalSection
	GlobalSection(ProjectConfigurationPlatforms) = postSolution
		{5A6445AE-158D-403A-8C25-19F4862B00A6}.Debug|Any CPU.ActiveCfg = Debug|Any CPU
		{5A6445AE-158D-403A-8C25-19F4862B00A6}.Debug|Any CPU.Build.0 = Debug|Any CPU
		{5A6445AE-158D-403A-8C25-19F4862B00A6}.Release|Any CPU.ActiveCfg = Release|Any CPU
		{5A6445AE-158D-403A-8C25-19F4862B00A6}.Release|Any CPU.Build.0 = Release|Any CPU
	EndGlobalSection
	GlobalSection(SolutionProperties) = preSolution
		HideSolutionNode = FALSE
	EndGlobalSection
	GlobalSection(ExtensibilityGlobals) = postSolution
		SolutionGuid = {90544E0B-EB80-4654-90CC-C19BC5A58F53}
	EndGlobalSection
EndGlobal
